# This file is automatically @generated by Cargo.
# It is not intended for manual editing.
[[package]]
name = "Zle_Edition2"
version = "0.0.1"
dependencies = [
 "zoozle",
]

[[package]]
name = "zoozle"
version = "0.1.2"
source = "registry+https://github.com/rust-lang/crates.io-index"
checksum = "5c4bc9b12818746eae5f7cf10bcbb3e4eb41de1183d5c8f42bd67e4dc21ee58e"
